
Microsoft Visual Studio Solution File, Format Version 12.00
# Visual Studio Version 17
VisualStudioVersion = 17.10.35027.167
MinimumVisualStudioVersion = 10.0.40219.1
Project("{FAE04EC0-301F-11D3-BF4B-00C04F79EFBC}") = "COUNTERAPP", "COUNTERAPP.csproj", "{DF1242CF-7A6E-4F96-BC1C-26B30223072A}"
EndProject
Global
	GlobalSection(SolutionConfigurationPlatforms) = preSolution
		Debug|Any CPU = Debug|Any CPU
		Release|Any CPU = Release|Any CPU
	EndGlobalSection
	GlobalSection(ProjectConfigurationPlatforms) = postSolution
		{DF1242CF-7A6E-4F96-BC1C-26B30223072A}.Debug|Any CPU.ActiveCfg = Debug|Any CPU
		{DF1242CF-7A6E-4F96-BC1C-26B30223072A}.Debug|Any CPU.Build.0 = Debug|Any CPU
		{DF1242CF-7A6E-4F96-BC1C-26B30223072A}.Release|Any CPU.ActiveCfg = Release|Any CPU
		{DF1242CF-7A6E-4F96-BC1C-26B30223072A}.Release|Any CPU.Build.0 = Release|Any CPU
	EndGlobalSection
	GlobalSection(SolutionProperties) = preSolution
		HideSolutionNode = FALSE
	EndGlobalSection
	GlobalSection(ExtensibilityGlobals) = postSolution
		SolutionGuid = {A55C4DBA-348C-460A-9009-4552638BBF2C}
	EndGlobalSection
EndGlobal
